
Microsoft Visual Studio Solution File, Format Version 12.00
# Visual Studio Version 17
VisualStudioVersion = 17.4.33205.214
MinimumVisualStudioVersion = 10.0.40219.1
Project("{FAE04EC0-301F-11D3-BF4B-00C04F79EFBC}") = "Ushkova", "Ushkova\Ushkova.csproj", "{5336F582-0AF9-4DF5-A875-30169F99D078}"
EndProject
Global
	GlobalSection(SolutionConfigurationPlatforms) = preSolution
		Debug|Any CPU = Debug|Any CPU
		Release|Any CPU = Release|Any CPU
	EndGlobalSection
	GlobalSection(ProjectConfigurationPlatforms) = postSolution
		{5336F582-0AF9-4DF5-A875-30169F99D078}.Debug|Any CPU.ActiveCfg = Debug|Any CPU
		{5336F582-0AF9-4DF5-A875-30169F99D078}.Debug|Any CPU.Build.0 = Debug|Any CPU
		{5336F582-0AF9-4DF5-A875-30169F99D078}.Release|Any CPU.ActiveCfg = Release|Any CPU
		{5336F582-0AF9-4DF5-A875-30169F99D078}.Release|Any CPU.Build.0 = Release|Any CPU
	EndGlobalSection
	GlobalSection(SolutionProperties) = preSolution
		HideSolutionNode = FALSE
	EndGlobalSection
	GlobalSection(ExtensibilityGlobals) = postSolution
		SolutionGuid = {0D732081-382D-4261-8C13-54B74A753110}
	EndGlobalSection
EndGlobal
